<?xml version="1.0" encoding="utf-8"?>
<Project ToolsVersion="4.0" xmlns="http://schemas.microsoft.com/developer/msbuild/2003">
  <ItemGroup>
    <Filter Include="include">
      <UniqueIdentifier>{E5EB4865-A9C3-B243-9ECD-6D216E3A6CB2}</UniqueIdentifier>
    </Filter>
    <Filter Include="include\engine">
      <UniqueIdentifier>{96AA3FD4-7028-364B-9BB4-73681D7057FF}</UniqueIdentifier>
    </Filter>
    <Filter Include="src">
      <UniqueIdentifier>{67EA0D2B-7D65-C643-9E49-16D22DBE766E}</UniqueIdentifier>
    </Filter>
    <Filter Include="src\NetTest">
      <UniqueIdentifier>{5A80D6E4-B94F-664A-87EA-4018F2E4B34C}</UniqueIdentifier>
    </Filter>
  </ItemGroup>
  <ItemGroup>
    <ClInclude Include="include\CommonDefines.h">
      <Filter>include</Filter>
    </ClInclude>
    <ClInclude Include="include\MainPrecompiled.h">
      <Filter>include</Filter>
    </ClInclude>
    <ClInclude Include="include\engine\Address.h">
      <Filter>include\engine</Filter>
    </ClInclude>
    <ClInclude Include="include\engine\ArgumentParser.h">
      <Filter>include\engine</Filter>
    </ClInclude>
    <ClInclude Include="include\engine\BitPack.h">
      <Filter>include\engine</Filter>
    </ClInclude>
    <ClInclude Include="include\engine\Connection.h">
      <Filter>include\engine</Filter>
    </ClInclude>
    <ClInclude Include="include\engine\Encoder.h">
      <Filter>include\engine</Filter>
    </ClInclude>
    <ClInclude Include="include\engine\IProtocol.h">
      <Filter>include\engine</Filter>
    </ClInclude>
    <ClInclude Include="include\engine\LockableResource.h">
      <Filter>include\engine</Filter>
    </ClInclude>
    <ClInclude Include="include\engine\LockableResource_.h">
      <Filter>include\engine</Filter>
    </ClInclude>
    <ClInclude Include="include\engine\Message.h">
      <Filter>include\engine</Filter>
    </ClInclude>
    <ClInclude Include="include\engine\NetworkingPrecompiled.h">
      <Filter>include\engine</Filter>
    </ClInclude>
    <ClInclude Include="include\engine\NetworkingSystem.h">
      <Filter>include\engine</Filter>
    </ClInclude>
    <ClInclude Include="include\engine\NetworkingSystem_.h">
      <Filter>include\engine</Filter>
    </ClInclude>
    <ClInclude Include="include\engine\PRNG.h">
      <Filter>include\engine</Filter>
    </ClInclude>
    <ClInclude Include="include\engine\BitPack.hpp">
      <Filter>include\engine</Filter>
    </ClInclude>
  </ItemGroup>
  <ItemGroup>
    <ClCompile Include="src\MainPrecompiled.cpp">
      <Filter>src</Filter>
    </ClCompile>
    <ClCompile Include="src\NetTest\Main.cpp">
      <Filter>src\NetTest</Filter>
    </ClCompile>
  </ItemGroup>
</Project>
